
Microsoft Visual Studio Solution File, Format Version 12.00
# Visual Studio Version 16
VisualStudioVersion = 16.0.31702.278
MinimumVisualStudioVersion = 10.0.40219.1
Project("{F184B08F-C81C-45F6-A57F-5ABD9991F28F}") = "K194111613_ThucHanhCSS", "K194111613_ThucHanhCSS\K194111613_ThucHanhCSS.vbproj", "{10FB5786-61E1-49F0-949B-8DBA9DE43A53}"
EndProject
Global
	GlobalSection(SolutionConfigurationPlatforms) = preSolution
		Debug|Any CPU = Debug|Any CPU
		Release|Any CPU = Release|Any CPU
	EndGlobalSection
	GlobalSection(ProjectConfigurationPlatforms) = postSolution
		{10FB5786-61E1-49F0-949B-8DBA9DE43A53}.Debug|Any CPU.ActiveCfg = Debug|Any CPU
		{10FB5786-61E1-49F0-949B-8DBA9DE43A53}.Debug|Any CPU.Build.0 = Debug|Any CPU
		{10FB5786-61E1-49F0-949B-8DBA9DE43A53}.Release|Any CPU.ActiveCfg = Release|Any CPU
		{10FB5786-61E1-49F0-949B-8DBA9DE43A53}.Release|Any CPU.Build.0 = Release|Any CPU
	EndGlobalSection
	GlobalSection(SolutionProperties) = preSolution
		HideSolutionNode = FALSE
	EndGlobalSection
	GlobalSection(ExtensibilityGlobals) = postSolution
		SolutionGuid = {D691A836-8A52-43B7-B090-41927B868701}
	EndGlobalSection
EndGlobal
